github.com/davecgh/go-spew v1.1.1/go.mod h1:J7Y8YcW2NihsgmVo/mv3lAwl/skON4iLHjSsI+c5H38=
github.com/gorilla/mux v1.7.3 h1:gnP5JzjVOuiZD07fKKToCAOjS0yOpj/qPETTXCCS6hw=
github.com/gorilla/mux v1.7.3/go.mod h1:1lud6UwP+6orDFRuTfBEV8e9/aOM/c4fVVCaMa2zaAs=
github.com/nicholasjackson/building-microservices-youtube v0.0.0-20200116063356-5585bba2b3ba h1:3egPeLL83hzY9Ex+Qg6OuiLEiTfxH38s0E78PgBSq6I=
github.com/nicholasjackson/env v0.6.0 h1:6xdio52m7cKRtgZPER6NFeBZxicR88rx5a+5Jl4/qus=
github.com/nicholasjackson/env v0.6.0/go.mod h1:/GtSb9a/BDUCLpcnpauN0d/Bw5ekSI1vLC1b9Lw0Vyk=
github.com/pmezard/go-difflib v1.0.0/go.mod h1:iKH77koFhYxTK1pcRnkKkqfTogsbg7gZNVY4sRDYZ/4=
github.com/stretchr/testify v1.2.2/go.mod h1:a8OnRcib4nhh0OaRAV+Yts87kKdq0PP7pXfy6kDkUVs=
